// !$*UTF8*$!
{
	archiveVersion = 1;
	classes = {
	};
	objectVersion = 55;
	objects = {

/* Begin PBXBuildFile section */
		8684BF29279179F500BDABF0 /* TextInput.swift in Sources */ = {isa = PBXBuildFile; fileRef = 8684BF27279179F500BDABF0 /* TextInput.swift */; };
		8684BF2A279179F500BDABF0 /* TextInput.swift in Sources */ = {isa = PBXBuildFile; fileRef = 8684BF27279179F500BDABF0 /* TextInput.swift */; };
		8684BF2B279179F500BDABF0 /* TextInput.xib in Resources */ = {isa = PBXBuildFile; fileRef = 8684BF28279179F500BDABF0 /* TextInput.xib */; };
		8684BF2C279179F500BDABF0 /* TextInput.xib in Resources */ = {isa = PBXBuildFile; fileRef = 8684BF28279179F500BDABF0 /* TextInput.xib */; };
		86DEBD1C27901ED90042F2D2 /* AppDelegate.swift in Sources */ = {isa = PBXBuildFile; fileRef = 86DEBD1B27901ED90042F2D2 /* AppDelegate.swift */; };
		86DEBD1E27901ED90042F2D2 /* SceneDelegate.swift in Sources */ = {isa = PBXBuildFile; fileRef = 86DEBD1D27901ED90042F2D2 /* SceneDelegate.swift */; };
		86DEBD2027901ED90042F2D2 /* LoginViewController.swift in Sources */ = {isa = PBXBuildFile; fileRef = 86DEBD1F27901ED90042F2D2 /* LoginViewController.swift */; };
		86DEBD2327901ED90042F2D2 /* Main.storyboard in Resources */ = {isa = PBXBuildFile; fileRef = 86DEBD2127901ED90042F2D2 /* Main.storyboard */; };
		86DEBD2527901EDC0042F2D2 /* Assets.xcassets in Resources */ = {isa = PBXBuildFile; fileRef = 86DEBD2427901EDC0042F2D2 /* Assets.xcassets */; };
		86DEBD2827901EDC0042F2D2 /* LaunchScreen.storyboard in Resources */ = {isa = PBXBuildFile; fileRef = 86DEBD2627901EDC0042F2D2 /* LaunchScreen.storyboard */; };
		86DEBD3327901EDC0042F2D2 /* HomeAssignmentIOSTests.swift in Sources */ = {isa = PBXBuildFile; fileRef = 86DEBD3227901EDC0042F2D2 /* HomeAssignmentIOSTests.swift */; };
/* End PBXBuildFile section */

/* Begin PBXContainerItemProxy section */
		86DEBD2F27901EDC0042F2D2 /* PBXContainerItemProxy */ = {
			isa = PBXContainerItemProxy;
			containerPortal = 86DEBD1027901ED90042F2D2 /* Project object */;
			proxyType = 1;
			remoteGlobalIDString = 86DEBD1727901ED90042F2D2;
			remoteInfo = HomeAssignmentIOS;
		};
		86DEBD3927901EDC0042F2D2 /* PBXContainerItemProxy */ = {
			isa = PBXContainerItemProxy;
			containerPortal = 86DEBD1027901ED90042F2D2 /* Project object */;
			proxyType = 1;
			remoteGlobalIDString = 86DEBD1727901ED90042F2D2;
			remoteInfo = HomeAssignmentIOS;
		};
/* End PBXContainerItemProxy section */

/* Begin PBXFileReference section */
		8684BF27279179F500BDABF0 /* TextInput.swift */ = {isa = PBXFileReference; fileEncoding = 4; lastKnownFileType = sourcecode.swift; path = TextInput.swift; sourceTree = "<group>"; };
		8684BF28279179F500BDABF0 /* TextInput.xib */ = {isa = PBXFileReference; fileEncoding = 4; lastKnownFileType = file.xib; path = TextInput.xib; sourceTree = "<group>"; };
		86DEBD1827901ED90042F2D2 /* HomeAssignmentIOS.app */ = {isa = PBXFileReference; explicitFileType = wrapper.application; includeInIndex = 0; path = HomeAssignmentIOS.app; sourceTree = BUILT_PRODUCTS_DIR; };
		86DEBD1B27901ED90042F2D2 /* AppDelegate.swift */ = {isa = PBXFileReference; lastKnownFileType = sourcecode.swift; path = AppDelegate.swift; sourceTree = "<group>"; };
		86DEBD1D27901ED90042F2D2 /* SceneDelegate.swift */ = {isa = PBXFileReference; lastKnownFileType = sourcecode.swift; path = SceneDelegate.swift; sourceTree = "<group>"; };
		86DEBD1F27901ED90042F2D2 /* LoginViewController.swift */ = {isa = PBXFileReference; lastKnownFileType = sourcecode.swift; path = LoginViewController.swift; sourceTree = "<group>"; };
		86DEBD2227901ED90042F2D2 /* Base */ = {isa = PBXFileReference; lastKnownFileType = file.storyboard; name = Base; path = Base.lproj/Main.storyboard; sourceTree = "<group>"; };
		86DEBD2427901EDC0042F2D2 /* Assets.xcassets */ = {isa = PBXFileReference; lastKnownFileType = folder.assetcatalog; path = Assets.xcassets; sourceTree = "<group>"; };
		86DEBD2727901EDC0042F2D2 /* Base */ = {isa = PBXFileReference; lastKnownFileType = file.storyboard; name = Base; path = Base.lproj/LaunchScreen.storyboard; sourceTree = "<group>"; };
		86DEBD2927901EDC0042F2D2 /* Info.plist */ = {isa = PBXFileReference; lastKnownFileType = text.plist.xml; path = Info.plist; sourceTree = "<group>"; };
		86DEBD2E27901EDC0042F2D2 /* HomeAssignmentIOSTests.xctest */ = {isa = PBXFileReference; explicitFileType = wrapper.cfbundle; includeInIndex = 0; path = HomeAssignmentIOSTests.xctest; sourceTree = BUILT_PRODUCTS_DIR; };
		86DEBD3227901EDC0042F2D2 /* HomeAssignmentIOSTests.swift */ = {isa = PBXFileReference; lastKnownFileType = sourcecode.swift; path = HomeAssignmentIOSTests.swift; sourceTree = "<group>"; };
		86DEBD3827901EDC0042F2D2 /* HomeAssignmentIOSUITests.xctest */ = {isa = PBXFileReference; explicitFileType = wrapper.cfbundle; includeInIndex = 0; path = HomeAssignmentIOSUITests.xctest; sourceTree = BUILT_PRODUCTS_DIR; };
/* End PBXFileReference section */

/* Begin PBXFrameworksBuildPhase section */
		86DEBD1527901ED90042F2D2 /* Frameworks */ = {
			isa = PBXFrameworksBuildPhase;
			buildActionMask = 2147483647;
			files = (
			);
			runOnlyForDeploymentPostprocessing = 0;
		};
		86DEBD2B27901EDC0042F2D2 /* Frameworks */ = {
			isa = PBXFrameworksBuildPhase;
			buildActionMask = 2147483647;
			files = (
			);
			runOnlyForDeploymentPostprocessing = 0;
		};
		86DEBD3527901EDC0042F2D2 /* Frameworks */ = {
			isa = PBXFrameworksBuildPhase;
			buildActionMask = 2147483647;
			files = (
			);
			runOnlyForDeploymentPostprocessing = 0;
		};
/* End PBXFrameworksBuildPhase section */

/* Begin PBXGroup section */
		8684BF2027914F2E00BDABF0 /* ViewController */ = {
			isa = PBXGroup;
			children = (
				86DEBD1F27901ED90042F2D2 /* LoginViewController.swift */,
			);
			path = ViewController;
			sourceTree = "<group>";
		};
		8684BF2127914F3E00BDABF0 /* ViewModel */ = {
			isa = PBXGroup;
			children = (
			);
			path = ViewModel;
			sourceTree = "<group>";
		};
		8684BF2227914F5200BDABF0 /* Modules */ = {
			isa = PBXGroup;
			children = (
				8684BF2527914F7700BDABF0 /* Login */,
			);
			path = Modules;
			sourceTree = "<group>";
		};
		8684BF2327914F5B00BDABF0 /* Services */ = {
			isa = PBXGroup;
			children = (
			);
			path = Services;
			sourceTree = "<group>";
		};
		8684BF2427914F6200BDABF0 /* Utlities */ = {
			isa = PBXGroup;
			children = (
				8684BF262791799400BDABF0 /* TextInput */,
			);
			path = Utlities;
			sourceTree = "<group>";
		};
		8684BF2527914F7700BDABF0 /* Login */ = {
			isa = PBXGroup;
			children = (
				8684BF2127914F3E00BDABF0 /* ViewModel */,
				8684BF2027914F2E00BDABF0 /* ViewController */,
			);
			path = Login;
			sourceTree = "<group>";
		};
		8684BF262791799400BDABF0 /* TextInput */ = {
			isa = PBXGroup;
			children = (
				8684BF27279179F500BDABF0 /* TextInput.swift */,
				8684BF28279179F500BDABF0 /* TextInput.xib */,
			);
			path = TextInput;
			sourceTree = "<group>";
		};
		86DEBD0F27901ED90042F2D2 = {
			isa = PBXGroup;
			children = (
				86DEBD1A27901ED90042F2D2 /* HomeAssignmentIOS */,
				86DEBD3127901EDC0042F2D2 /* HomeAssignmentIOSTests */,
				86DEBD1927901ED90042F2D2 /* Products */,
			);
			sourceTree = "<group>";
		};
		86DEBD1927901ED90042F2D2 /* Products */ = {
			isa = PBXGroup;
			children = (
				86DEBD1827901ED90042F2D2 /* HomeAssignmentIOS.app */,
				86DEBD2E27901EDC0042F2D2 /* HomeAssignmentIOSTests.xctest */,
				86DEBD3827901EDC0042F2D2 /* HomeAssignmentIOSUITests.xctest */,
			);
			name = Products;
			sourceTree = "<group>";
		};
		86DEBD1A27901ED90042F2D2 /* HomeAssignmentIOS */ = {
			isa = PBXGroup;
			children = (
				8684BF2227914F5200BDABF0 /* Modules */,
				8684BF2327914F5B00BDABF0 /* Services */,
				8684BF2427914F6200BDABF0 /* Utlities */,
				86DEBD1B27901ED90042F2D2 /* AppDelegate.swift */,
				86DEBD1D27901ED90042F2D2 /* SceneDelegate.swift */,
				86DEBD2127901ED90042F2D2 /* Main.storyboard */,
				86DEBD2427901EDC0042F2D2 /* Assets.xcassets */,
				86DEBD2627901EDC0042F2D2 /* LaunchScreen.storyboard */,
				86DEBD2927901EDC0042F2D2 /* Info.plist */,
			);
			path = HomeAssignmentIOS;
			sourceTree = "<group>";
		};
		86DEBD3127901EDC0042F2D2 /* HomeAssignmentIOSTests */ = {
			isa = PBXGroup;
			children = (
				86DEBD3227901EDC0042F2D2 /* HomeAssignmentIOSTests.swift */,
			);
			path = HomeAssignmentIOSTests;
			sourceTree = "<group>";
		};
/* End PBXGroup section */

/* Begin PBXNativeTarget section */
		86DEBD1727901ED90042F2D2 /* HomeAssignmentIOS */ = {
			isa = PBXNativeTarget;
			buildConfigurationList = 86DEBD4227901EDC0042F2D2 /* Build configuration list for PBXNativeTarget "HomeAssignmentIOS" */;
			buildPhases = (
				86DEBD1427901ED90042F2D2 /* Sources */,
				86DEBD1527901ED90042F2D2 /* Frameworks */,
				86DEBD1627901ED90042F2D2 /* Resources */,
			);
			buildRules = (
			);
			dependencies = (
			);
			name = HomeAssignmentIOS;
			productName = HomeAssignmentIOS;
			productReference = 86DEBD1827901ED90042F2D2 /* HomeAssignmentIOS.app */;
			productType = "com.apple.product-type.application";
		};
		86DEBD2D27901EDC0042F2D2 /* HomeAssignmentIOSTests */ = {
			isa = PBXNativeTarget;
			buildConfigurationList = 86DEBD4527901EDC0042F2D2 /* Build configuration list for PBXNativeTarget "HomeAssignmentIOSTests" */;
			buildPhases = (
				86DEBD2A27901EDC0042F2D2 /* Sources */,
				86DEBD2B27901EDC0042F2D2 /* Frameworks */,
				86DEBD2C27901EDC0042F2D2 /* Resources */,
			);
			buildRules = (
			);
			dependencies = (
				86DEBD3027901EDC0042F2D2 /* PBXTargetDependency */,
			);
			name = HomeAssignmentIOSTests;
			productName = HomeAssignmentIOSTests;
			productReference = 86DEBD2E27901EDC0042F2D2 /* HomeAssignmentIOSTests.xctest */;
			productType = "com.apple.product-type.bundle.unit-test";
		};
		86DEBD3727901EDC0042F2D2 /* HomeAssignmentIOSUITests */ = {
			isa = PBXNativeTarget;
			buildConfigurationList = 86DEBD4827901EDC0042F2D2 /* Build configuration list for PBXNativeTarget "HomeAssignmentIOSUITests" */;
			buildPhases = (
				86DEBD3427901EDC0042F2D2 /* Sources */,
				86DEBD3527901EDC0042F2D2 /* Frameworks */,
				86DEBD3627901EDC0042F2D2 /* Resources */,
			);
			buildRules = (
			);
			dependencies = (
				86DEBD3A27901EDC0042F2D2 /* PBXTargetDependency */,
			);
			name = HomeAssignmentIOSUITests;
			productName = HomeAssignmentIOSUITests;
			productReference = 86DEBD3827901EDC0042F2D2 /* HomeAssignmentIOSUITests.xctest */;
			productType = "com.apple.product-type.bundle.ui-testing";
		};
/* End PBXNativeTarget section */

/* Begin PBXProject section */
		86DEBD1027901ED90042F2D2 /* Project object */ = {
			isa = PBXProject;
			attributes = {
				BuildIndependentTargetsInParallel = 1;
				LastSwiftUpdateCheck = 1310;
				LastUpgradeCheck = 1310;
				TargetAttributes = {
					86DEBD1727901ED90042F2D2 = {
						CreatedOnToolsVersion = 13.1;
					};
					86DEBD2D27901EDC0042F2D2 = {
						CreatedOnToolsVersion = 13.1;
						TestTargetID = 86DEBD1727901ED90042F2D2;
					};
					86DEBD3727901EDC0042F2D2 = {
						CreatedOnToolsVersion = 13.1;
						TestTargetID = 86DEBD1727901ED90042F2D2;
					};
				};
			};
			buildConfigurationList = 86DEBD1327901ED90042F2D2 /* Build configuration list for PBXProject "HomeAssignmentIOS" */;
			compatibilityVersion = "Xcode 13.0";
			developmentRegion = en;
			hasScannedForEncodings = 0;
			knownRegions = (
				en,
				Base,
			);
			mainGroup = 86DEBD0F27901ED90042F2D2;
			productRefGroup = 86DEBD1927901ED90042F2D2 /* Products */;
			projectDirPath = "";
			projectRoot = "";
			targets = (
				86DEBD1727901ED90042F2D2 /* HomeAssignmentIOS */,
				86DEBD2D27901EDC0042F2D2 /* HomeAssignmentIOSTests */,
				86DEBD3727901EDC0042F2D2 /* HomeAssignmentIOSUITests */,
			);
		};
/* End PBXProject section */

/* Begin PBXResourcesBuildPhase section */
		86DEBD1627901ED90042F2D2 /* Resources */ = {
			isa = PBXResourcesBuildPhase;
			buildActionMask = 2147483647;
			files = (
				86DEBD2827901EDC0042F2D2 /* LaunchScreen.storyboard in Resources */,
				86DEBD2527901EDC0042F2D2 /* Assets.xcassets in Resources */,
				86DEBD2327901ED90042F2D2 /* Main.storyboard in Resources */,
				8684BF2B279179F500BDABF0 /* TextInput.xib in Resources */,
			);
			runOnlyForDeploymentPostprocessing = 0;
		};
		86DEBD2C27901EDC0042F2D2 /* Resources */ = {
			isa = PBXResourcesBuildPhase;
			buildActionMask = 2147483647;
			files = (
				8684BF2C279179F500BDABF0 /* TextInput.xib in Resources */,
			);
			runOnlyForDeploymentPostprocessing = 0;
		};
		86DEBD3627901EDC0042F2D2 /* Resources */ = {
			isa = PBXResourcesBuildPhase;
			buildActionMask = 2147483647;
			files = (
			);
			runOnlyForDeploymentPostprocessing = 0;
		};
/* End PBXResourcesBuildPhase section */

/* Begin PBXSourcesBuildPhase section */
		86DEBD1427901ED90042F2D2 /* Sources */ = {
			isa = PBXSourcesBuildPhase;
			buildActionMask = 2147483647;
			files = (
				86DEBD2027901ED90042F2D2 /* LoginViewController.swift in Sources */,
				86DEBD1C27901ED90042F2D2 /* AppDelegate.swift in Sources */,
				86DEBD1E27901ED90042F2D2 /* SceneDelegate.swift in Sources */,
				8684BF29279179F500BDABF0 /* TextInput.swift in Sources */,
			);
			runOnlyForDeploymentPostprocessing = 0;
		};
		86DEBD2A27901EDC0042F2D2 /* Sources */ = {
			isa = PBXSourcesBuildPhase;
			buildActionMask = 2147483647;
			files = (
				86DEBD3327901EDC0042F2D2 /* HomeAssignmentIOSTests.swift in Sources */,
				8684BF2A279179F500BDABF0 /* TextInput.swift in Sources */,
			);
			runOnlyForDeploymentPostprocessing = 0;
		};
		86DEBD3427901EDC0042F2D2 /* Sources */ = {
			isa = PBXSourcesBuildPhase;
			buildActionMask = 2147483647;
			files = (
			);
			runOnlyForDeploymentPostprocessing = 0;
		};
/* End PBXSourcesBuildPhase section */

/* Begin PBXTargetDependency section */
		86DEBD3027901EDC0042F2D2 /* PBXTargetDependency */ = {
			isa = PBXTargetDependency;
			target = 86DEBD1727901ED90042F2D2 /* HomeAssignmentIOS */;
			targetProxy = 86DEBD2F27901EDC0042F2D2 /* PBXContainerItemProxy */;
		};
		86DEBD3A27901EDC0042F2D2 /* PBXTargetDependency */ = {
			isa = PBXTargetDependency;
			target = 86DEBD1727901ED90042F2D2 /* HomeAssignmentIOS */;
			targetProxy = 86DEBD3927901EDC0042F2D2 /* PBXContainerItemProxy */;
		};
/* End PBXTargetDependency section */

/* Begin PBXVariantGroup section */
		86DEBD2127901ED90042F2D2 /* Main.storyboard */ = {
			isa = PBXVariantGroup;
			children = (
				86DEBD2227901ED90042F2D2 /* Base */,
			);
			name = Main.storyboard;
			sourceTree = "<group>";
		};
		86DEBD2627901EDC0042F2D2 /* LaunchScreen.storyboard */ = {
			isa = PBXVariantGroup;
			children = (
				86DEBD2727901EDC0042F2D2 /* Base */,
			);
			name = LaunchScreen.storyboard;
			sourceTree = "<group>";
		};
/* End PBXVariantGroup section */

/* Begin XCBuildConfiguration section */
		86DEBD4027901EDC0042F2D2 /* Debug */ = {
			isa = XCBuildConfiguration;
			buildSettings = {
				ALWAYS_SEARCH_USER_PATHS = NO;
				CLANG_ANALYZER_NONNULL = YES;
				CLANG_ANALYZER_NUMBER_OBJECT_CONVERSION = YES_AGGRESSIVE;
				CLANG_CXX_LANGUAGE_STANDARD = "gnu++17";
				CLANG_CXX_LIBRARY = "libc++";
				CLANG_ENABLE_MODULES = YES;
				CLANG_ENABLE_OBJC_ARC = YES;
				CLANG_ENABLE_OBJC_WEAK = YES;
				CLANG_WARN_BLOCK_CAPTURE_AUTORELEASING = YES;
				CLANG_WARN_BOOL_CONVERSION = YES;
				CLANG_WARN_COMMA = YES;
				CLANG_WARN_CONSTANT_CONVERSION = YES;
				CLANG_WARN_DEPRECATED_OBJC_IMPLEMENTATIONS = YES;
				CLANG_WARN_DIRECT_OBJC_ISA_USAGE = YES_ERROR;
				CLANG_WARN_DOCUMENTATION_COMMENTS = YES;
				CLANG_WARN_EMPTY_BODY = YES;
				CLANG_WARN_ENUM_CONVERSION = YES;
				CLANG_WARN_INFINITE_RECURSION = YES;
				CLANG_WARN_INT_CONVERSION = YES;
				CLANG_WARN_NON_LITERAL_NULL_CONVERSION = YES;
				CLANG_WARN_OBJC_IMPLICIT_RETAIN_SELF = YES;
				CLANG_WARN_OBJC_LITERAL_CONVERSION = YES;
				CLANG_WARN_OBJC_ROOT_CLASS = YES_ERROR;
				CLANG_WARN_QUOTED_INCLUDE_IN_FRAMEWORK_HEADER = YES;
				CLANG_WARN_RANGE_LOOP_ANALYSIS = YES;
				CLANG_WARN_STRICT_PROTOTYPES = YES;
				CLANG_WARN_SUSPICIOUS_MOVE = YES;
				CLANG_WARN_UNGUARDED_AVAILABILITY = YES_AGGRESSIVE;
				CLANG_WARN_UNREACHABLE_CODE = YES;
				CLANG_WARN__DUPLICATE_METHOD_MATCH = YES;
				COPY_PHASE_STRIP = NO;
				DEBUG_INFORMATION_FORMAT = dwarf;
				ENABLE_STRICT_OBJC_MSGSEND = YES;
				ENABLE_TESTABILITY = YES;
				GCC_C_LANGUAGE_STANDARD = gnu11;
				GCC_DYNAMIC_NO_PIC = NO;
				GCC_NO_COMMON_BLOCKS = YES;
				GCC_OPTIMIZATION_LEVEL = 0;
				GCC_PREPROCESSOR_DEFINITIONS = (
					"DEBUG=1",
					"$(inherited)",
				);
				GCC_WARN_64_TO_32_BIT_CONVERSION = YES;
				GCC_WARN_ABOUT_RETURN_TYPE = YES_ERROR;
				GCC_WARN_UNDECLARED_SELECTOR = YES;
				GCC_WARN_UNINITIALIZED_AUTOS = YES_AGGRESSIVE;
				GCC_WARN_UNUSED_FUNCTION = YES;
				GCC_WARN_UNUSED_VARIABLE = YES;
				IPHONEOS_DEPLOYMENT_TARGET = 15.0;
				MTL_ENABLE_DEBUG_INFO = INCLUDE_SOURCE;
				MTL_FAST_MATH = YES;
				ONLY_ACTIVE_ARCH = YES;
				SDKROOT = iphoneos;
				SWIFT_ACTIVE_COMPILATION_CONDITIONS = DEBUG;
				SWIFT_OPTIMIZATION_LEVEL = "-Onone";
			};
			name = Debug;
		};
		86DEBD4127901EDC0042F2D2 /* Release */ = {
			isa = XCBuildConfiguration;
			buildSettings = {
				ALWAYS_SEARCH_USER_PATHS = NO;
				CLANG_ANALYZER_NONNULL = YES;
				CLANG_ANALYZER_NUMBER_OBJECT_CONVERSION = YES_AGGRESSIVE;
				CLANG_CXX_LANGUAGE_STANDARD = "gnu++17";
				CLANG_CXX_LIBRARY = "libc++";
				CLANG_ENABLE_MODULES = YES;
				CLANG_ENABLE_OBJC_ARC = YES;
				CLANG_ENABLE_OBJC_WEAK = YES;
				CLANG_WARN_BLOCK_CAPTURE_AUTORELEASING = YES;
				CLANG_WARN_BOOL_CONVERSION = YES;
				CLANG_WARN_COMMA = YES;
				CLANG_WARN_CONSTANT_CONVERSION = YES;
				CLANG_WARN_DEPRECATED_OBJC_IMPLEMENTATIONS = YES;
				CLANG_WARN_DIRECT_OBJC_ISA_USAGE = YES_ERROR;
				CLANG_WARN_DOCUMENTATION_COMMENTS = YES;
				CLANG_WARN_EMPTY_BODY = YES;
				CLANG_WARN_ENUM_CONVERSION = YES;
				CLANG_WARN_INFINITE_RECURSION = YES;
				CLANG_WARN_INT_CONVERSION = YES;
				CLANG_WARN_NON_LITERAL_NULL_CONVERSION = YES;
				CLANG_WARN_OBJC_IMPLICIT_RETAIN_SELF = YES;
				CLANG_WARN_OBJC_LITERAL_CONVERSION = YES;
				CLANG_WARN_OBJC_ROOT_CLASS = YES_ERROR;
				CLANG_WARN_QUOTED_INCLUDE_IN_FRAMEWORK_HEADER = YES;
				CLANG_WARN_RANGE_LOOP_ANALYSIS = YES;
				CLANG_WARN_STRICT_PROTOTYPES = YES;
				CLANG_WARN_SUSPICIOUS_MOVE = YES;
				CLANG_WARN_UNGUARDED_AVAILABILITY = YES_AGGRESSIVE;
				CLANG_WARN_UNREACHABLE_CODE = YES;
				CLANG_WARN__DUPLICATE_METHOD_MATCH = YES;
				COPY_PHASE_STRIP = NO;
				DEBUG_INFORMATION_FORMAT = "dwarf-with-dsym";
				ENABLE_NS_ASSERTIONS = NO;
				ENABLE_STRICT_OBJC_MSGSEND = YES;
				GCC_C_LANGUAGE_STANDARD = gnu11;
				GCC_NO_COMMON_BLOCKS = YES;
				GCC_WARN_64_TO_32_BIT_CONVERSION = YES;
				GCC_WARN_ABOUT_RETURN_TYPE = YES_ERROR;
				GCC_WARN_UNDECLARED_SELECTOR = YES;
				GCC_WARN_UNINITIALIZED_AUTOS = YES_AGGRESSIVE;
				GCC_WARN_UNUSED_FUNCTION = YES;
				GCC_WARN_UNUSED_VARIABLE = YES;
				IPHONEOS_DEPLOYMENT_TARGET = 15.0;
				MTL_ENABLE_DEBUG_INFO = NO;
				MTL_FAST_MATH = YES;
				SDKROOT = iphoneos;
				SWIFT_COMPILATION_MODE = wholemodule;
				SWIFT_OPTIMIZATION_LEVEL = "-O";
				VALIDATE_PRODUCT = YES;
			};
			name = Release;
		};
		86DEBD4327901EDC0042F2D2 /* Debug */ = {
			isa = XCBuildConfiguration;
			buildSettings = {
				ASSETCATALOG_COMPILER_APPICON_NAME = AppIcon;
				ASSETCATALOG_COMPILER_GLOBAL_ACCENT_COLOR_NAME = AccentColor;
				CODE_SIGN_STYLE = Automatic;
				CURRENT_PROJECT_VERSION = 1;
				GENERATE_INFOPLIST_FILE = YES;
				INFOPLIST_FILE = HomeAssignmentIOS/Info.plist;
				INFOPLIST_KEY_UIApplicationSupportsIndirectInputEvents = YES;
				INFOPLIST_KEY_UILaunchStoryboardName = LaunchScreen;
				INFOPLIST_KEY_UIMainStoryboardFile = Main;
				INFOPLIST_KEY_UISupportedInterfaceOrientations_iPad = "UIInterfaceOrientationPortrait UIInterfaceOrientationPortraitUpsideDown UIInterfaceOrientationLandscapeLeft UIInterfaceOrientationLandscapeRight";
				INFOPLIST_KEY_UISupportedInterfaceOrientations_iPhone = "UIInterfaceOrientationPortrait UIInterfaceOrientationLandscapeLeft UIInterfaceOrientationLandscapeRight";
				LD_RUNPATH_SEARCH_PATHS = (
					"$(inherited)",
					"@executable_path/Frameworks",
				);
				MARKETING_VERSION = 1.0;
				PRODUCT_BUNDLE_IDENTIFIER = com.home.demo.HomeAssignmentIOS;
				PRODUCT_NAME = "$(TARGET_NAME)";
				SWIFT_EMIT_LOC_STRINGS = YES;
				SWIFT_VERSION = 5.0;
				TARGETED_DEVICE_FAMILY = "1,2";
			};
			name = Debug;
		};
		86DEBD4427901EDC0042F2D2 /* Release */ = {
			isa = XCBuildConfiguration;
			buildSettings = {
				ASSETCATALOG_COMPILER_APPICON_NAME = AppIcon;
				ASSETCATALOG_COMPILER_GLOBAL_ACCENT_COLOR_NAME = AccentColor;
				CODE_SIGN_STYLE = Automatic;
				CURRENT_PROJECT_VERSION = 1;
				GENERATE_INFOPLIST_FILE = YES;
				INFOPLIST_FILE = HomeAssignmentIOS/Info.plist;
				INFOPLIST_KEY_UIApplicationSupportsIndirectInputEvents = YES;
				INFOPLIST_KEY_UILaunchStoryboardName = LaunchScreen;
				INFOPLIST_KEY_UIMainStoryboardFile = Main;
				INFOPLIST_KEY_UISupportedInterfaceOrientations_iPad = "UIInterfaceOrientationPortrait UIInterfaceOrientationPortraitUpsideDown UIInterfaceOrientationLandscapeLeft UIInterfaceOrientationLandscapeRight";
				INFOPLIST_KEY_UISupportedInterfaceOrientations_iPhone = "UIInterfaceOrientationPortrait UIInterfaceOrientationLandscapeLeft UIInterfaceOrientationLandscapeRight";
				LD_RUNPATH_SEARCH_PATHS = (
					"$(inherited)",
					"@executable_path/Frameworks",
				);
				MARKETING_VERSION = 1.0;
				PRODUCT_BUNDLE_IDENTIFIER = com.home.demo.HomeAssignmentIOS;
				PRODUCT_NAME = "$(TARGET_NAME)";
				SWIFT_EMIT_LOC_STRINGS = YES;
				SWIFT_VERSION = 5.0;
				TARGETED_DEVICE_FAMILY = "1,2";
			};
			name = Release;
		};
		86DEBD4627901EDC0042F2D2 /* Debug */ = {
			isa = XCBuildConfiguration;
			buildSettings = {
				ALWAYS_EMBED_SWIFT_STANDARD_LIBRARIES = YES;
				BUNDLE_LOADER = "$(TEST_HOST)";
				CODE_SIGN_STYLE = Automatic;
				CURRENT_PROJECT_VERSION = 1;
				GENERATE_INFOPLIST_FILE = YES;
				IPHONEOS_DEPLOYMENT_TARGET = 15.0;
				LD_RUNPATH_SEARCH_PATHS = (
					"$(inherited)",
					"@executable_path/Frameworks",
					"@loader_path/Frameworks",
				);
				MARKETING_VERSION = 1.0;
				PRODUCT_BUNDLE_IDENTIFIER = com.home.demo.HomeAssignmentIOSTests;
				PRODUCT_NAME = "$(TARGET_NAME)";
				SWIFT_EMIT_LOC_STRINGS = NO;
				SWIFT_VERSION = 5.0;
				TARGETED_DEVICE_FAMILY = "1,2";
				TEST_HOST = "$(BUILT_PRODUCTS_DIR)/HomeAssignmentIOS.app/HomeAssignmentIOS";
			};
			name = Debug;
		};
		86DEBD4727901EDC0042F2D2 /* Release */ = {
			isa = XCBuildConfiguration;
			buildSettings = {
				ALWAYS_EMBED_SWIFT_STANDARD_LIBRARIES = YES;
				BUNDLE_LOADER = "$(TEST_HOST)";
				CODE_SIGN_STYLE = Automatic;
				CURRENT_PROJECT_VERSION = 1;
				GENERATE_INFOPLIST_FILE = YES;
				IPHONEOS_DEPLOYMENT_TARGET = 15.0;
				LD_RUNPATH_SEARCH_PATHS = (
					"$(inherited)",
					"@executable_path/Frameworks",
					"@loader_path/Frameworks",
				);
				MARKETING_VERSION = 1.0;
				PRODUCT_BUNDLE_IDENTIFIER = com.home.demo.HomeAssignmentIOSTests;
				PRODUCT_NAME = "$(TARGET_NAME)";
				SWIFT_EMIT_LOC_STRINGS = NO;
				SWIFT_VERSION = 5.0;
				TARGETED_DEVICE_FAMILY = "1,2";
				TEST_HOST = "$(BUILT_PRODUCTS_DIR)/HomeAssignmentIOS.app/HomeAssignmentIOS";
			};
			name = Release;
		};
		86DEBD4927901EDC0042F2D2 /* Debug */ = {
			isa = XCBuildConfiguration;
			buildSettings = {
				ALWAYS_EMBED_SWIFT_STANDARD_LIBRARIES = YES;
				CODE_SIGN_STYLE = Automatic;
				CURRENT_PROJECT_VERSION = 1;
				GENERATE_INFOPLIST_FILE = YES;
				LD_RUNPATH_SEARCH_PATHS = (
					"$(inherited)",
					"@executable_path/Frameworks",
					"@loader_path/Frameworks",
				);
				MARKETING_VERSION = 1.0;
				PRODUCT_BUNDLE_IDENTIFIER = com.home.demo.HomeAssignmentIOSUITests;
				PRODUCT_NAME = "$(TARGET_NAME)";
				SWIFT_EMIT_LOC_STRINGS = NO;
				SWIFT_VERSION = 5.0;
				TARGETED_DEVICE_FAMILY = "1,2";
				TEST_TARGET_NAME = HomeAssignmentIOS;
			};
			name = Debug;
		};
		86DEBD4A27901EDC0042F2D2 /* Release */ = {
			isa = XCBuildConfiguration;
			buildSettings = {
				ALWAYS_EMBED_SWIFT_STANDARD_LIBRARIES = YES;
				CODE_SIGN_STYLE = Automatic;
				CURRENT_PROJECT_VERSION = 1;
				GENERATE_INFOPLIST_FILE = YES;
				LD_RUNPATH_SEARCH_PATHS = (
					"$(inherited)",
					"@executable_path/Frameworks",
					"@loader_path/Frameworks",
				);
				MARKETING_VERSION = 1.0;
				PRODUCT_BUNDLE_IDENTIFIER = com.home.demo.HomeAssignmentIOSUITests;
				PRODUCT_NAME = "$(TARGET_NAME)";
				SWIFT_EMIT_LOC_STRINGS = NO;
				SWIFT_VERSION = 5.0;
				TARGETED_DEVICE_FAMILY = "1,2";
				TEST_TARGET_NAME = HomeAssignmentIOS;
			};
			name = Release;
		};
/* End XCBuildConfiguration section */

/* Begin XCConfigurationList section */
		86DEBD1327901ED90042F2D2 /* Build configuration list for PBXProject "HomeAssignmentIOS" */ = {
			isa = XCConfigurationList;
			buildConfigurations = (
				86DEBD4027901EDC0042F2D2 /* Debug */,
				86DEBD4127901EDC0042F2D2 /* Release */,
			);
			defaultConfigurationIsVisible = 0;
			defaultConfigurationName = Release;
		};
		86DEBD4227901EDC0042F2D2 /* Build configuration list for PBXNativeTarget "HomeAssignmentIOS" */ = {
			isa = XCConfigurationList;
			buildConfigurations = (
				86DEBD4327901EDC0042F2D2 /* Debug */,
				86DEBD4427901EDC0042F2D2 /* Release */,
			);
			defaultConfigurationIsVisible = 0;
			defaultConfigurationName = Release;
		};
		86DEBD4527901EDC0042F2D2 /* Build configuration list for PBXNativeTarget "HomeAssignmentIOSTests" */ = {
			isa = XCConfigurationList;
			buildConfigurations = (
				86DEBD4627901EDC0042F2D2 /* Debug */,
				86DEBD4727901EDC0042F2D2 /* Release */,
			);
			defaultConfigurationIsVisible = 0;
			defaultConfigurationName = Release;
		};
		86DEBD4827901EDC0042F2D2 /* Build configuration list for PBXNativeTarget "HomeAssignmentIOSUITests" */ = {
			isa = XCConfigurationList;
			buildConfigurations = (
				86DEBD4927901EDC0042F2D2 /* Debug */,
				86DEBD4A27901EDC0042F2D2 /* Release */,
			);
			defaultConfigurationIsVisible = 0;
			defaultConfigurationName = Release;
		};
/* End XCConfigurationList section */
	};
	rootObject = 86DEBD1027901ED90042F2D2 /* Project object */;
}
